
Microsoft Visual Studio Solution File, Format Version 12.00
# Visual Studio Version 17
VisualStudioVersion = 17.3.32922.545
MinimumVisualStudioVersion = 10.0.40219.1
Project("{FAE04EC0-301F-11D3-BF4B-00C04F79EFBC}") = "Exercise-3", "Exercise-3\Exercise-3.csproj", "{A07F5490-7A8F-4A7F-A639-9778CF27983B}"
EndProject
Global
	GlobalSection(SolutionConfigurationPlatforms) = preSolution
		Debug|Any CPU = Debug|Any CPU
		Release|Any CPU = Release|Any CPU
	EndGlobalSection
	GlobalSection(ProjectConfigurationPlatforms) = postSolution
		{A07F5490-7A8F-4A7F-A639-9778CF27983B}.Debug|Any CPU.ActiveCfg = Debug|Any CPU
		{A07F5490-7A8F-4A7F-A639-9778CF27983B}.Debug|Any CPU.Build.0 = Debug|Any CPU
		{A07F5490-7A8F-4A7F-A639-9778CF27983B}.Release|Any CPU.ActiveCfg = Release|Any CPU
		{A07F5490-7A8F-4A7F-A639-9778CF27983B}.Release|Any CPU.Build.0 = Release|Any CPU
	EndGlobalSection
	GlobalSection(SolutionProperties) = preSolution
		HideSolutionNode = FALSE
	EndGlobalSection
	GlobalSection(ExtensibilityGlobals) = postSolution
		SolutionGuid = {4AA37389-3DE8-4399-AAF8-E76DE5D34A5C}
	EndGlobalSection
EndGlobal
